
Microsoft Visual Studio Solution File, Format Version 12.00
# Visual Studio 14
VisualStudioVersion = 14.0.25420.1
MinimumVisualStudioVersion = 10.0.40219.1
Project("{00D1A9C2-B5F0-4AF3-8072-F6C62B433612}") = "CentralData", "CentralData.sqlproj", "{42D82A0D-14E5-4C80-90A4-7E553109F8FC}"
EndProject
Project("{00D1A9C2-B5F0-4AF3-8072-F6C62B433612}") = "SolomonApp_Common", "..\SolomonApp_Common\SolomonApp_Common.sqlproj", "{0F63A210-2E31-4E64-83D7-4416BA7DBD9B}"
EndProject
Project("{00D1A9C2-B5F0-4AF3-8072-F6C62B433612}") = "CFFDB_Common", "..\CFFDB_Common\CFFDB_Common.sqlproj", "{26C2857A-745E-4DD3-B64C-895FFB9E8EC4}"
EndProject
Project("{00D1A9C2-B5F0-4AF3-8072-F6C62B433612}") = "CentralData_Common", "..\CentralData_Common\CentralData_Common.sqlproj", "{3E3220CC-F80B-4B5F-A190-21651C9D319F}"
EndProject
Project("{00D1A9C2-B5F0-4AF3-8072-F6C62B433612}") = "CFApp_Common", "..\CFApp_Common\CFApp_Common.sqlproj", "{AB7E461E-9E1F-4C38-8431-B56939AC26F5}"
EndProject
Global
	GlobalSection(SolutionConfigurationPlatforms) = preSolution
		Debug|Any CPU = Debug|Any CPU
		Release|Any CPU = Release|Any CPU
		Test|Any CPU = Test|Any CPU
	EndGlobalSection
	GlobalSection(ProjectConfigurationPlatforms) = postSolution
		{42D82A0D-14E5-4C80-90A4-7E553109F8FC}.Debug|Any CPU.ActiveCfg = Debug|Any CPU
		{42D82A0D-14E5-4C80-90A4-7E553109F8FC}.Debug|Any CPU.Build.0 = Debug|Any CPU
		{42D82A0D-14E5-4C80-90A4-7E553109F8FC}.Debug|Any CPU.Deploy.0 = Debug|Any CPU
		{42D82A0D-14E5-4C80-90A4-7E553109F8FC}.Release|Any CPU.ActiveCfg = Release|Any CPU
		{42D82A0D-14E5-4C80-90A4-7E553109F8FC}.Release|Any CPU.Build.0 = Release|Any CPU
		{42D82A0D-14E5-4C80-90A4-7E553109F8FC}.Release|Any CPU.Deploy.0 = Release|Any CPU
		{42D82A0D-14E5-4C80-90A4-7E553109F8FC}.Test|Any CPU.ActiveCfg = Test|Any CPU
		{42D82A0D-14E5-4C80-90A4-7E553109F8FC}.Test|Any CPU.Build.0 = Test|Any CPU
		{42D82A0D-14E5-4C80-90A4-7E553109F8FC}.Test|Any CPU.Deploy.0 = Test|Any CPU
		{0F63A210-2E31-4E64-83D7-4416BA7DBD9B}.Debug|Any CPU.ActiveCfg = Debug|Any CPU
		{0F63A210-2E31-4E64-83D7-4416BA7DBD9B}.Debug|Any CPU.Build.0 = Debug|Any CPU
		{0F63A210-2E31-4E64-83D7-4416BA7DBD9B}.Debug|Any CPU.Deploy.0 = Debug|Any CPU
		{0F63A210-2E31-4E64-83D7-4416BA7DBD9B}.Release|Any CPU.ActiveCfg = Release|Any CPU
		{0F63A210-2E31-4E64-83D7-4416BA7DBD9B}.Release|Any CPU.Build.0 = Release|Any CPU
		{0F63A210-2E31-4E64-83D7-4416BA7DBD9B}.Release|Any CPU.Deploy.0 = Release|Any CPU
		{0F63A210-2E31-4E64-83D7-4416BA7DBD9B}.Test|Any CPU.ActiveCfg = Debug|Any CPU
		{0F63A210-2E31-4E64-83D7-4416BA7DBD9B}.Test|Any CPU.Build.0 = Debug|Any CPU
		{0F63A210-2E31-4E64-83D7-4416BA7DBD9B}.Test|Any CPU.Deploy.0 = Debug|Any CPU
		{26C2857A-745E-4DD3-B64C-895FFB9E8EC4}.Debug|Any CPU.ActiveCfg = Debug|Any CPU
		{26C2857A-745E-4DD3-B64C-895FFB9E8EC4}.Debug|Any CPU.Build.0 = Debug|Any CPU
		{26C2857A-745E-4DD3-B64C-895FFB9E8EC4}.Debug|Any CPU.Deploy.0 = Debug|Any CPU
		{26C2857A-745E-4DD3-B64C-895FFB9E8EC4}.Release|Any CPU.ActiveCfg = Release|Any CPU
		{26C2857A-745E-4DD3-B64C-895FFB9E8EC4}.Release|Any CPU.Build.0 = Release|Any CPU
		{26C2857A-745E-4DD3-B64C-895FFB9E8EC4}.Release|Any CPU.Deploy.0 = Release|Any CPU
		{26C2857A-745E-4DD3-B64C-895FFB9E8EC4}.Test|Any CPU.ActiveCfg = Debug|Any CPU
		{26C2857A-745E-4DD3-B64C-895FFB9E8EC4}.Test|Any CPU.Build.0 = Debug|Any CPU
		{26C2857A-745E-4DD3-B64C-895FFB9E8EC4}.Test|Any CPU.Deploy.0 = Debug|Any CPU
		{3E3220CC-F80B-4B5F-A190-21651C9D319F}.Debug|Any CPU.ActiveCfg = Debug|Any CPU
		{3E3220CC-F80B-4B5F-A190-21651C9D319F}.Debug|Any CPU.Build.0 = Debug|Any CPU
		{3E3220CC-F80B-4B5F-A190-21651C9D319F}.Debug|Any CPU.Deploy.0 = Debug|Any CPU
		{3E3220CC-F80B-4B5F-A190-21651C9D319F}.Release|Any CPU.ActiveCfg = Release|Any CPU
		{3E3220CC-F80B-4B5F-A190-21651C9D319F}.Release|Any CPU.Build.0 = Release|Any CPU
		{3E3220CC-F80B-4B5F-A190-21651C9D319F}.Release|Any CPU.Deploy.0 = Release|Any CPU
		{3E3220CC-F80B-4B5F-A190-21651C9D319F}.Test|Any CPU.ActiveCfg = Debug|Any CPU
		{3E3220CC-F80B-4B5F-A190-21651C9D319F}.Test|Any CPU.Build.0 = Debug|Any CPU
		{3E3220CC-F80B-4B5F-A190-21651C9D319F}.Test|Any CPU.Deploy.0 = Debug|Any CPU
		{AB7E461E-9E1F-4C38-8431-B56939AC26F5}.Debug|Any CPU.ActiveCfg = Debug|Any CPU
		{AB7E461E-9E1F-4C38-8431-B56939AC26F5}.Debug|Any CPU.Build.0 = Debug|Any CPU
		{AB7E461E-9E1F-4C38-8431-B56939AC26F5}.Debug|Any CPU.Deploy.0 = Debug|Any CPU
		{AB7E461E-9E1F-4C38-8431-B56939AC26F5}.Release|Any CPU.ActiveCfg = Release|Any CPU
		{AB7E461E-9E1F-4C38-8431-B56939AC26F5}.Release|Any CPU.Build.0 = Release|Any CPU
		{AB7E461E-9E1F-4C38-8431-B56939AC26F5}.Release|Any CPU.Deploy.0 = Release|Any CPU
		{AB7E461E-9E1F-4C38-8431-B56939AC26F5}.Test|Any CPU.ActiveCfg = Debug|Any CPU
		{AB7E461E-9E1F-4C38-8431-B56939AC26F5}.Test|Any CPU.Build.0 = Debug|Any CPU
		{AB7E461E-9E1F-4C38-8431-B56939AC26F5}.Test|Any CPU.Deploy.0 = Debug|Any CPU
	EndGlobalSection
	GlobalSection(SolutionProperties) = preSolution
		HideSolutionNode = FALSE
	EndGlobalSection
	GlobalSection(TeamFoundationVersionControl) = preSolution
		SccNumberOfProjects = 6
		SccEnterpriseProvider = {4CA58AB2-18FA-4F8D-95D4-32DDF27D184C}
		SccTeamFoundationServer = http://cfse-tfs01:8080/tfs/activecollection
		SccLocalPath0 = .
		SccProjectUniqueName1 = CentralData.sqlproj
		SccLocalPath1 = .
		SccProjectUniqueName2 = ..\\SolomonApp_Common\\SolomonApp_Common.sqlproj
		SccProjectName2 = ../SolomonApp_Common
		SccLocalPath2 = ..\\SolomonApp_Common
		SccProjectUniqueName3 = ..\\CFFDB_Common\\CFFDB_Common.sqlproj
		SccProjectName3 = ../CFFDB_Common
		SccLocalPath3 = ..\\CFFDB_Common
		SccProjectUniqueName4 = ..\\CentralData_Common\\CentralData_Common.sqlproj
		SccProjectName4 = ../CentralData_Common
		SccLocalPath4 = ..\\CentralData_Common
		SccProjectUniqueName5 = ..\\CFApp_Common\\CFApp_Common.sqlproj
		SccProjectName5 = ../CFApp_Common
		SccLocalPath5 = ..\\CFApp_Common
	EndGlobalSection
EndGlobal
