
Microsoft Visual Studio Solution File, Format Version 12.00
# Visual Studio 14
VisualStudioVersion = 14.0.25420.1
MinimumVisualStudioVersion = 10.0.40219.1
Project("{00D1A9C2-B5F0-4AF3-8072-F6C62B433612}") = "CFApp", "CFApp.sqlproj", "{009CB841-2DFE-4DB5-85E1-113D76DF32BA}"
EndProject
Project("{00D1A9C2-B5F0-4AF3-8072-F6C62B433612}") = "SolomonApp_Common", "..\SolomonApp_Common\SolomonApp_Common.sqlproj", "{0F63A210-2E31-4E64-83D7-4416BA7DBD9B}"
EndProject
Project("{00D1A9C2-B5F0-4AF3-8072-F6C62B433612}") = "CentralData_Common", "..\CentralData_Common\CentralData_Common.sqlproj", "{3E3220CC-F80B-4B5F-A190-21651C9D319F}"
EndProject
Project("{00D1A9C2-B5F0-4AF3-8072-F6C62B433612}") = "CFApp_Common", "..\CFApp_Common\CFApp_Common.sqlproj", "{AB7E461E-9E1F-4C38-8431-B56939AC26F5}"
EndProject
Global
	GlobalSection(SolutionConfigurationPlatforms) = preSolution
		Debug|Any CPU = Debug|Any CPU
		Release|Any CPU = Release|Any CPU
		Test|Any CPU = Test|Any CPU
	EndGlobalSection
	GlobalSection(ProjectConfigurationPlatforms) = postSolution
		{009CB841-2DFE-4DB5-85E1-113D76DF32BA}.Debug|Any CPU.ActiveCfg = Debug|Any CPU
		{009CB841-2DFE-4DB5-85E1-113D76DF32BA}.Debug|Any CPU.Build.0 = Debug|Any CPU
		{009CB841-2DFE-4DB5-85E1-113D76DF32BA}.Debug|Any CPU.Deploy.0 = Debug|Any CPU
		{009CB841-2DFE-4DB5-85E1-113D76DF32BA}.Release|Any CPU.ActiveCfg = Release|Any CPU
		{009CB841-2DFE-4DB5-85E1-113D76DF32BA}.Release|Any CPU.Build.0 = Release|Any CPU
		{009CB841-2DFE-4DB5-85E1-113D76DF32BA}.Release|Any CPU.Deploy.0 = Release|Any CPU
		{009CB841-2DFE-4DB5-85E1-113D76DF32BA}.Test|Any CPU.ActiveCfg = Release|Any CPU
		{009CB841-2DFE-4DB5-85E1-113D76DF32BA}.Test|Any CPU.Build.0 = Release|Any CPU
		{009CB841-2DFE-4DB5-85E1-113D76DF32BA}.Test|Any CPU.Deploy.0 = Release|Any CPU
		{0F63A210-2E31-4E64-83D7-4416BA7DBD9B}.Debug|Any CPU.ActiveCfg = Debug|Any CPU
		{0F63A210-2E31-4E64-83D7-4416BA7DBD9B}.Debug|Any CPU.Build.0 = Debug|Any CPU
		{0F63A210-2E31-4E64-83D7-4416BA7DBD9B}.Debug|Any CPU.Deploy.0 = Debug|Any CPU
		{0F63A210-2E31-4E64-83D7-4416BA7DBD9B}.Release|Any CPU.ActiveCfg = Release|Any CPU
		{0F63A210-2E31-4E64-83D7-4416BA7DBD9B}.Release|Any CPU.Build.0 = Release|Any CPU
		{0F63A210-2E31-4E64-83D7-4416BA7DBD9B}.Release|Any CPU.Deploy.0 = Release|Any CPU
		{0F63A210-2E31-4E64-83D7-4416BA7DBD9B}.Test|Any CPU.ActiveCfg = Debug|Any CPU
		{0F63A210-2E31-4E64-83D7-4416BA7DBD9B}.Test|Any CPU.Build.0 = Debug|Any CPU
		{0F63A210-2E31-4E64-83D7-4416BA7DBD9B}.Test|Any CPU.Deploy.0 = Debug|Any CPU
		{3E3220CC-F80B-4B5F-A190-21651C9D319F}.Debug|Any CPU.ActiveCfg = Debug|Any CPU
		{3E3220CC-F80B-4B5F-A190-21651C9D319F}.Debug|Any CPU.Build.0 = Debug|Any CPU
		{3E3220CC-F80B-4B5F-A190-21651C9D319F}.Debug|Any CPU.Deploy.0 = Debug|Any CPU
		{3E3220CC-F80B-4B5F-A190-21651C9D319F}.Release|Any CPU.ActiveCfg = Release|Any CPU
		{3E3220CC-F80B-4B5F-A190-21651C9D319F}.Release|Any CPU.Build.0 = Release|Any CPU
		{3E3220CC-F80B-4B5F-A190-21651C9D319F}.Release|Any CPU.Deploy.0 = Release|Any CPU
		{3E3220CC-F80B-4B5F-A190-21651C9D319F}.Test|Any CPU.ActiveCfg = Debug|Any CPU
		{3E3220CC-F80B-4B5F-A190-21651C9D319F}.Test|Any CPU.Build.0 = Debug|Any CPU
		{3E3220CC-F80B-4B5F-A190-21651C9D319F}.Test|Any CPU.Deploy.0 = Debug|Any CPU
		{AB7E461E-9E1F-4C38-8431-B56939AC26F5}.Debug|Any CPU.ActiveCfg = Debug|Any CPU
		{AB7E461E-9E1F-4C38-8431-B56939AC26F5}.Debug|Any CPU.Build.0 = Debug|Any CPU
		{AB7E461E-9E1F-4C38-8431-B56939AC26F5}.Debug|Any CPU.Deploy.0 = Debug|Any CPU
		{AB7E461E-9E1F-4C38-8431-B56939AC26F5}.Release|Any CPU.ActiveCfg = Release|Any CPU
		{AB7E461E-9E1F-4C38-8431-B56939AC26F5}.Release|Any CPU.Build.0 = Release|Any CPU
		{AB7E461E-9E1F-4C38-8431-B56939AC26F5}.Release|Any CPU.Deploy.0 = Release|Any CPU
		{AB7E461E-9E1F-4C38-8431-B56939AC26F5}.Test|Any CPU.ActiveCfg = Debug|Any CPU
		{AB7E461E-9E1F-4C38-8431-B56939AC26F5}.Test|Any CPU.Build.0 = Debug|Any CPU
		{AB7E461E-9E1F-4C38-8431-B56939AC26F5}.Test|Any CPU.Deploy.0 = Debug|Any CPU
	EndGlobalSection
	GlobalSection(SolutionProperties) = preSolution
		HideSolutionNode = FALSE
	EndGlobalSection
	GlobalSection(TeamFoundationVersionControl) = preSolution
		SccNumberOfProjects = 5
		SccEnterpriseProvider = {4CA58AB2-18FA-4F8D-95D4-32DDF27D184C}
		SccTeamFoundationServer = http://cfse-tfs01:8080/tfs/activecollection
		SccLocalPath0 = .
		SccProjectUniqueName1 = CFApp.sqlproj
		SccLocalPath1 = .
		SccProjectUniqueName2 = ..\\SolomonApp_Common\\SolomonApp_Common.sqlproj
		SccProjectName2 = ../SolomonApp_Common
		SccLocalPath2 = ..\\SolomonApp_Common
		SccProjectUniqueName3 = ..\\CentralData_Common\\CentralData_Common.sqlproj
		SccProjectName3 = ../CentralData_Common
		SccLocalPath3 = ..\\CentralData_Common
		SccProjectUniqueName4 = ..\\CFApp_Common\\CFApp_Common.sqlproj
		SccProjectName4 = ../CFApp_Common
		SccLocalPath4 = ..\\CFApp_Common
	EndGlobalSection
EndGlobal
